<?xml version="1.0" encoding="utf-8"?>
<Project ToolsVersion="4.0" xmlns="http://schemas.microsoft.com/developer/msbuild/2003">
  <ItemGroup>
    <Filter Include="源文件">
      <UniqueIdentifier>{4FC737F1-C7A5-4376-A066-2A32D752A2FF}</UniqueIdentifier>
      <Extensions>cpp;c;cc;cxx;def;odl;idl;hpj;bat;asm;asmx</Extensions>
    </Filter>
    <Filter Include="头文件">
      <UniqueIdentifier>{93995380-89BD-4b04-88EB-625FBE52EBFB}</UniqueIdentifier>
      <Extensions>h;hh;hpp;hxx;hm;inl;inc;ipp;xsd</Extensions>
    </Filter>
    <Filter Include="资源文件">
      <UniqueIdentifier>{67DA6AB6-F800-4c08-8B7A-83BB121AAD01}</UniqueIdentifier>
      <Extensions>rc;ico;cur;bmp;dlg;rc2;rct;bin;rgs;gif;jpg;jpeg;jpe;resx;tiff;tif;png;wav;mfcribbon-ms</Extensions>
    </Filter>
  </ItemGroup>
  <ItemGroup>
    <ClCompile Include="JZOff_056_1_数组中只出现一次的数字.cpp">
      <Filter>源文件</Filter>
    </ClCompile>
    <ClCompile Include="JZOf_007_重建二叉树.cpp">
      <Filter>源文件</Filter>
    </ClCompile>
    <ClCompile Include="LC_JZOff_012_矩阵路径.cpp">
      <Filter>源文件</Filter>
    </ClCompile>
    <ClCompile Include="LC_JZOff_013_机器人运动范围.cpp">
      <Filter>源文件</Filter>
    </ClCompile>
    <ClCompile Include="LC_JZOff_020_表示数值的字符串.cpp">
      <Filter>源文件</Filter>
    </ClCompile>
    <ClCompile Include="LC_JZOff_026_树的子结构.cpp">
      <Filter>源文件</Filter>
    </ClCompile>
    <ClCompile Include="LC_JZOff_027_二叉树镜像.cpp">
      <Filter>源文件</Filter>
    </ClCompile>
    <ClCompile Include="LC_JZOff_028_对称的二叉树.cpp">
      <Filter>源文件</Filter>
    </ClCompile>
    <ClCompile Include="LC_JZOff_033_二叉搜索树的后序序列.cpp">
      <Filter>源文件</Filter>
    </ClCompile>
    <ClCompile Include="LC_JZOff_034_二叉树和为某一值的路径.cpp">
      <Filter>源文件</Filter>
    </ClCompile>
    <ClCompile Include="LC_JZOff_036_二叉搜索转换成双向链表.cpp">
      <Filter>源文件</Filter>
    </ClCompile>
    <ClCompile Include="LC_JZOff_068-1_二叉搜索树的最近公共祖先.cpp">
      <Filter>源文件</Filter>
    </ClCompile>
    <ClCompile Include="LC_JZOff_68-2_二叉树的公共祖先.cpp">
      <Filter>源文件</Filter>
    </ClCompile>
    <ClCompile Include="LC_JZOff__021_调整数组使得奇数在前偶数在后.cpp">
      <Filter>源文件</Filter>
    </ClCompile>
    <ClCompile Include="LC_JZOff_005_替换空格cpp.cpp">
      <Filter>源文件</Filter>
    </ClCompile>
    <ClCompile Include="LC_JZOff_035_复杂链表的复制.cpp">
      <Filter>源文件</Filter>
    </ClCompile>
    <ClCompile Include="LC_JZOff_044_数字序列中某一位的数字.cpp">
      <Filter>源文件</Filter>
    </ClCompile>
    <ClCompile Include="LC_JZOff_045_把数组排成最小字符串.cpp">
      <Filter>源文件</Filter>
    </ClCompile>
    <ClCompile Include="LC_JZOff_047_礼物的最大价值.cpp">
      <Filter>源文件</Filter>
    </ClCompile>
    <ClCompile Include="LC_JZOff_063_股票最大利润.cpp">
      <Filter>源文件</Filter>
    </ClCompile>
    <ClCompile Include="LC_JZOff_049_丑数.cpp">
      <Filter>源文件</Filter>
    </ClCompile>
    <ClCompile Include="LC_JZOff_031_栈的压入弹出序列.cpp">
      <Filter>源文件</Filter>
    </ClCompile>
    <ClCompile Include="LC_JZOff_038_字符串排列_全排列.cpp">
      <Filter>源文件</Filter>
    </ClCompile>
    <ClCompile Include="LC_JZOff_046_把数字翻译成字符串.cpp">
      <Filter>源文件</Filter>
    </ClCompile>
    <ClCompile Include="LC_JZOff_059-II_队列的最大值.cpp">
      <Filter>源文件</Filter>
    </ClCompile>
    <ClCompile Include="LC_JZOff_第n个数字.cpp">
      <Filter>源文件</Filter>
    </ClCompile>
    <ClCompile Include="LC_JZOff_067_把字符串转换成整数.cpp">
      <Filter>源文件</Filter>
    </ClCompile>
    <ClCompile Include="LC_JZOff_048_最长无重复子串.cpp">
      <Filter>源文件</Filter>
    </ClCompile>
    <ClCompile Include="LC_JZOff_059-1_滑动窗口最大值.cpp">
      <Filter>源文件</Filter>
    </ClCompile>
    <ClCompile Include="LC_JZOff_054_二叉搜索树的第k大结点.cpp">
      <Filter>源文件</Filter>
    </ClCompile>
    <ClCompile Include="LC_JZOff_032_从上到下遍历二叉树.cpp">
      <Filter>源文件</Filter>
    </ClCompile>
    <ClCompile Include="LC_JZOff_057_和为s的两个数.cpp">
      <Filter>源文件</Filter>
    </ClCompile>
    <ClCompile Include="LC_JZOff_040_最小k个数.cpp">
      <Filter>源文件</Filter>
    </ClCompile>
    <ClCompile Include="LC_JZOff_060_ n个骰子的点数.cpp">
      <Filter>源文件</Filter>
    </ClCompile>
    <ClCompile Include="LC_JZOff_062_圆圈中最后剩下的数字.cpp">
      <Filter>源文件</Filter>
    </ClCompile>
    <ClCompile Include="LC_JZOff_053-I_在排序数组中查找数字I.cpp">
      <Filter>源文件</Filter>
    </ClCompile>
    <ClCompile Include="LC_JZOff_050_第一个只出现一次的字符.cpp">
      <Filter>源文件</Filter>
    </ClCompile>
    <ClCompile Include="LC_JZOff_030_包含mind的栈.cpp">
      <Filter>源文件</Filter>
    </ClCompile>
    <ClCompile Include="LC_JZOff_066_构建乘积数组.cpp">
      <Filter>源文件</Filter>
    </ClCompile>
    <ClCompile Include="LC_JZOff_011_旋转数组的最小值.cpp">
      <Filter>源文件</Filter>
    </ClCompile>
    <ClCompile Include="LC_JZOff_053-I_0-n-1中缺少的数字.cpp">
      <Filter>源文件</Filter>
    </ClCompile>
    <ClCompile Include="LC_JZOff_015_二进制中1的个数.cpp">
      <Filter>源文件</Filter>
    </ClCompile>
    <ClCompile Include="LC_JZOff_029_顺时针打印矩阵.cpp">
      <Filter>源文件</Filter>
    </ClCompile>
    <ClCompile Include="LC_JZOff_061_扑克牌中的顺子.cpp">
      <Filter>源文件</Filter>
    </ClCompile>
    <ClCompile Include="LC_JZOff_058-i_反转单词顺序.cpp">
      <Filter>源文件</Filter>
    </ClCompile>
    <ClCompile Include="LC_JZOff_补充_删除链表重复元素.cpp">
      <Filter>源文件</Filter>
    </ClCompile>
    <ClCompile Include="LC_Of_补充_洗牌.cpp">
      <Filter>源文件</Filter>
    </ClCompile>
    <ClCompile Include="LC_补充_二叉树最大距离.cpp">
      <Filter>源文件</Filter>
    </ClCompile>
    <ClCompile Include="LC_JZOff_055-i_二叉树的深度.cpp">
      <Filter>源文件</Filter>
    </ClCompile>
    <ClCompile Include="LC_JZOff_024_反转链表.cpp">
      <Filter>源文件</Filter>
    </ClCompile>
  </ItemGroup>
  <ItemGroup>
    <ClInclude Include="JZOff.h">
      <Filter>头文件</Filter>
    </ClInclude>
  </ItemGroup>
  <ItemGroup>
    <Text Include="0_笔记.txt">
      <Filter>源文件</Filter>
    </Text>
  </ItemGroup>
</Project>